// !$*UTF8*$!
{
	archiveVersion = 1;
	classes = {
	};
	objectVersion = 50;
	objects = {

/* Begin PBXBuildFile section */
		4B8FB63C24B9486B00A37EEB /* SettingsViewController.swift in Sources */ = {isa = PBXBuildFile; fileRef = 4B8FB63B24B9486B00A37EEB /* SettingsViewController.swift */; };
		4BF98B5224B6AA3C00433757 /* AppDelegate.swift in Sources */ = {isa = PBXBuildFile; fileRef = 4BF98B5124B6AA3C00433757 /* AppDelegate.swift */; };
		4BF98B5424B6AA3C00433757 /* SceneDelegate.swift in Sources */ = {isa = PBXBuildFile; fileRef = 4BF98B5324B6AA3C00433757 /* SceneDelegate.swift */; };
		4BF98B5624B6AA3C00433757 /* ViewController.swift in Sources */ = {isa = PBXBuildFile; fileRef = 4BF98B5524B6AA3C00433757 /* ViewController.swift */; };
		4BF98B5924B6AA3C00433757 /* Main.storyboard in Resources */ = {isa = PBXBuildFile; fileRef = 4BF98B5724B6AA3C00433757 /* Main.storyboard */; };
		4BF98B5B24B6AA3E00433757 /* Assets.xcassets in Resources */ = {isa = PBXBuildFile; fileRef = 4BF98B5A24B6AA3E00433757 /* Assets.xcassets */; };
		4BF98B5E24B6AA3E00433757 /* LaunchScreen.storyboard in Resources */ = {isa = PBXBuildFile; fileRef = 4BF98B5C24B6AA3E00433757 /* LaunchScreen.storyboard */; };
		4BF98B6924B6AA3E00433757 /* TipCalculatorTests.swift in Sources */ = {isa = PBXBuildFile; fileRef = 4BF98B6824B6AA3E00433757 /* TipCalculatorTests.swift */; };
		4BF98B7424B6AA3E00433757 /* TipCalculatorUITests.swift in Sources */ = {isa = PBXBuildFile; fileRef = 4BF98B7324B6AA3E00433757 /* TipCalculatorUITests.swift */; };
/* End PBXBuildFile section */

/* Begin PBXContainerItemProxy section */
		4BF98B6524B6AA3E00433757 /* PBXContainerItemProxy */ = {
			isa = PBXContainerItemProxy;
			containerPortal = 4BF98B4624B6AA3C00433757 /* Project object */;
			proxyType = 1;
			remoteGlobalIDString = 4BF98B4D24B6AA3C00433757;
			remoteInfo = TipCalculator;
		};
		4BF98B7024B6AA3E00433757 /* PBXContainerItemProxy */ = {
			isa = PBXContainerItemProxy;
			containerPortal = 4BF98B4624B6AA3C00433757 /* Project object */;
			proxyType = 1;
			remoteGlobalIDString = 4BF98B4D24B6AA3C00433757;
			remoteInfo = TipCalculator;
		};
/* End PBXContainerItemProxy section */

/* Begin PBXFileReference section */
		4B8FB63B24B9486B00A37EEB /* SettingsViewController.swift */ = {isa = PBXFileReference; lastKnownFileType = sourcecode.swift; path = SettingsViewController.swift; sourceTree = "<group>"; };
		4BF98B4E24B6AA3C00433757 /* TipCalculator.app */ = {isa = PBXFileReference; explicitFileType = wrapper.application; includeInIndex = 0; path = TipCalculator.app; sourceTree = BUILT_PRODUCTS_DIR; };
		4BF98B5124B6AA3C00433757 /* AppDelegate.swift */ = {isa = PBXFileReference; lastKnownFileType = sourcecode.swift; path = AppDelegate.swift; sourceTree = "<group>"; };
		4BF98B5324B6AA3C00433757 /* SceneDelegate.swift */ = {isa = PBXFileReference; lastKnownFileType = sourcecode.swift; path = SceneDelegate.swift; sourceTree = "<group>"; };
		4BF98B5524B6AA3C00433757 /* ViewController.swift */ = {isa = PBXFileReference; lastKnownFileType = sourcecode.swift; path = ViewController.swift; sourceTree = "<group>"; };
		4BF98B5824B6AA3C00433757 /* Base */ = {isa = PBXFileReference; lastKnownFileType = file.storyboard; name = Base; path = Base.lproj/Main.storyboard; sourceTree = "<group>"; };
		4BF98B5A24B6AA3E00433757 /* Assets.xcassets */ = {isa = PBXFileReference; lastKnownFileType = folder.assetcatalog; path = Assets.xcassets; sourceTree = "<group>"; };
		4BF98B5D24B6AA3E00433757 /* Base */ = {isa = PBXFileReference; lastKnownFileType = file.storyboard; name = Base; path = Base.lproj/LaunchScreen.storyboard; sourceTree = "<group>"; };
		4BF98B5F24B6AA3E00433757 /* Info.plist */ = {isa = PBXFileReference; lastKnownFileType = text.plist.xml; path = Info.plist; sourceTree = "<group>"; };
		4BF98B6424B6AA3E00433757 /* TipCalculatorTests.xctest */ = {isa = PBXFileReference; explicitFileType = wrapper.cfbundle; includeInIndex = 0; path = TipCalculatorTests.xctest; sourceTree = BUILT_PRODUCTS_DIR; };
		4BF98B6824B6AA3E00433757 /* TipCalculatorTests.swift */ = {isa = PBXFileReference; lastKnownFileType = sourcecode.swift; path = TipCalculatorTests.swift; sourceTree = "<group>"; };
		4BF98B6A24B6AA3E00433757 /* Info.plist */ = {isa = PBXFileReference; lastKnownFileType = text.plist.xml; path = Info.plist; sourceTree = "<group>"; };
		4BF98B6F24B6AA3E00433757 /* TipCalculatorUITests.xctest */ = {isa = PBXFileReference; explicitFileType = wrapper.cfbundle; includeInIndex = 0; path = TipCalculatorUITests.xctest; sourceTree = BUILT_PRODUCTS_DIR; };
		4BF98B7324B6AA3E00433757 /* TipCalculatorUITests.swift */ = {isa = PBXFileReference; lastKnownFileType = sourcecode.swift; path = TipCalculatorUITests.swift; sourceTree = "<group>"; };
		4BF98B7524B6AA3E00433757 /* Info.plist */ = {isa = PBXFileReference; lastKnownFileType = text.plist.xml; path = Info.plist; sourceTree = "<group>"; };
/* End PBXFileReference section */

/* Begin PBXFrameworksBuildPhase section */
		4BF98B4B24B6AA3C00433757 /* Frameworks */ = {
			isa = PBXFrameworksBuildPhase;
			buildActionMask = 2147483647;
			files = (
			);
			runOnlyForDeploymentPostprocessing = 0;
		};
		4BF98B6124B6AA3E00433757 /* Frameworks */ = {
			isa = PBXFrameworksBuildPhase;
			buildActionMask = 2147483647;
			files = (
			);
			runOnlyForDeploymentPostprocessing = 0;
		};
		4BF98B6C24B6AA3E00433757 /* Frameworks */ = {
			isa = PBXFrameworksBuildPhase;
			buildActionMask = 2147483647;
			files = (
			);
			runOnlyForDeploymentPostprocessing = 0;
		};
/* End PBXFrameworksBuildPhase section */

/* Begin PBXGroup section */
		4BF98B4524B6AA3C00433757 = {
			isa = PBXGroup;
			children = (
				4BF98B5024B6AA3C00433757 /* TipCalculator */,
				4BF98B6724B6AA3E00433757 /* TipCalculatorTests */,
				4BF98B7224B6AA3E00433757 /* TipCalculatorUITests */,
				4BF98B4F24B6AA3C00433757 /* Products */,
			);
			sourceTree = "<group>";
		};
		4BF98B4F24B6AA3C00433757 /* Products */ = {
			isa = PBXGroup;
			children = (
				4BF98B4E24B6AA3C00433757 /* TipCalculator.app */,
				4BF98B6424B6AA3E00433757 /* TipCalculatorTests.xctest */,
				4BF98B6F24B6AA3E00433757 /* TipCalculatorUITests.xctest */,
			);
			name = Products;
			sourceTree = "<group>";
		};
		4BF98B5024B6AA3C00433757 /* TipCalculator */ = {
			isa = PBXGroup;
			children = (
				4BF98B5124B6AA3C00433757 /* AppDelegate.swift */,
				4BF98B5324B6AA3C00433757 /* SceneDelegate.swift */,
				4BF98B5524B6AA3C00433757 /* ViewController.swift */,
				4B8FB63B24B9486B00A37EEB /* SettingsViewController.swift */,
				4BF98B5724B6AA3C00433757 /* Main.storyboard */,
				4BF98B5A24B6AA3E00433757 /* Assets.xcassets */,
				4BF98B5C24B6AA3E00433757 /* LaunchScreen.storyboard */,
				4BF98B5F24B6AA3E00433757 /* Info.plist */,
			);
			path = TipCalculator;
			sourceTree = "<group>";
		};
		4BF98B6724B6AA3E00433757 /* TipCalculatorTests */ = {
			isa = PBXGroup;
			children = (
				4BF98B6824B6AA3E00433757 /* TipCalculatorTests.swift */,
				4BF98B6A24B6AA3E00433757 /* Info.plist */,
			);
			path = TipCalculatorTests;
			sourceTree = "<group>";
		};
		4BF98B7224B6AA3E00433757 /* TipCalculatorUITests */ = {
			isa = PBXGroup;
			children = (
				4BF98B7324B6AA3E00433757 /* TipCalculatorUITests.swift */,
				4BF98B7524B6AA3E00433757 /* Info.plist */,
			);
			path = TipCalculatorUITests;
			sourceTree = "<group>";
		};
/* End PBXGroup section */

/* Begin PBXNativeTarget section */
		4BF98B4D24B6AA3C00433757 /* TipCalculator */ = {
			isa = PBXNativeTarget;
			buildConfigurationList = 4BF98B7824B6AA3E00433757 /* Build configuration list for PBXNativeTarget "TipCalculator" */;
			buildPhases = (
				4BF98B4A24B6AA3C00433757 /* Sources */,
				4BF98B4B24B6AA3C00433757 /* Frameworks */,
				4BF98B4C24B6AA3C00433757 /* Resources */,
			);
			buildRules = (
			);
			dependencies = (
			);
			name = TipCalculator;
			productName = TipCalculator;
			productReference = 4BF98B4E24B6AA3C00433757 /* TipCalculator.app */;
			productType = "com.apple.product-type.application";
		};
		4BF98B6324B6AA3E00433757 /* TipCalculatorTests */ = {
			isa = PBXNativeTarget;
			buildConfigurationList = 4BF98B7B24B6AA3E00433757 /* Build configuration list for PBXNativeTarget "TipCalculatorTests" */;
			buildPhases = (
				4BF98B6024B6AA3E00433757 /* Sources */,
				4BF98B6124B6AA3E00433757 /* Frameworks */,
				4BF98B6224B6AA3E00433757 /* Resources */,
			);
			buildRules = (
			);
			dependencies = (
				4BF98B6624B6AA3E00433757 /* PBXTargetDependency */,
			);
			name = TipCalculatorTests;
			productName = TipCalculatorTests;
			productReference = 4BF98B6424B6AA3E00433757 /* TipCalculatorTests.xctest */;
			productType = "com.apple.product-type.bundle.unit-test";
		};
		4BF98B6E24B6AA3E00433757 /* TipCalculatorUITests */ = {
			isa = PBXNativeTarget;
			buildConfigurationList = 4BF98B7E24B6AA3E00433757 /* Build configuration list for PBXNativeTarget "TipCalculatorUITests" */;
			buildPhases = (
				4BF98B6B24B6AA3E00433757 /* Sources */,
				4BF98B6C24B6AA3E00433757 /* Frameworks */,
				4BF98B6D24B6AA3E00433757 /* Resources */,
			);
			buildRules = (
			);
			dependencies = (
				4BF98B7124B6AA3E00433757 /* PBXTargetDependency */,
			);
			name = TipCalculatorUITests;
			productName = TipCalculatorUITests;
			productReference = 4BF98B6F24B6AA3E00433757 /* TipCalculatorUITests.xctest */;
			productType = "com.apple.product-type.bundle.ui-testing";
		};
/* End PBXNativeTarget section */

/* Begin PBXProject section */
		4BF98B4624B6AA3C00433757 /* Project object */ = {
			isa = PBXProject;
			attributes = {
				LastSwiftUpdateCheck = 1200;
				LastUpgradeCheck = 1200;
				TargetAttributes = {
					4BF98B4D24B6AA3C00433757 = {
						CreatedOnToolsVersion = 12.0;
					};
					4BF98B6324B6AA3E00433757 = {
						CreatedOnToolsVersion = 12.0;
						TestTargetID = 4BF98B4D24B6AA3C00433757;
					};
					4BF98B6E24B6AA3E00433757 = {
						CreatedOnToolsVersion = 12.0;
						TestTargetID = 4BF98B4D24B6AA3C00433757;
					};
				};
			};
			buildConfigurationList = 4BF98B4924B6AA3C00433757 /* Build configuration list for PBXProject "TipCalculator" */;
			compatibilityVersion = "Xcode 9.3";
			developmentRegion = en;
			hasScannedForEncodings = 0;
			knownRegions = (
				en,
				Base,
			);
			mainGroup = 4BF98B4524B6AA3C00433757;
			productRefGroup = 4BF98B4F24B6AA3C00433757 /* Products */;
			projectDirPath = "";
			projectRoot = "";
			targets = (
				4BF98B4D24B6AA3C00433757 /* TipCalculator */,
				4BF98B6324B6AA3E00433757 /* TipCalculatorTests */,
				4BF98B6E24B6AA3E00433757 /* TipCalculatorUITests */,
			);
		};
/* End PBXProject section */

/* Begin PBXResourcesBuildPhase section */
		4BF98B4C24B6AA3C00433757 /* Resources */ = {
			isa = PBXResourcesBuildPhase;
			buildActionMask = 2147483647;
			files = (
				4BF98B5E24B6AA3E00433757 /* LaunchScreen.storyboard in Resources */,
				4BF98B5B24B6AA3E00433757 /* Assets.xcassets in Resources */,
				4BF98B5924B6AA3C00433757 /* Main.storyboard in Resources */,
			);
			runOnlyForDeploymentPostprocessing = 0;
		};
		4BF98B6224B6AA3E00433757 /* Resources */ = {
			isa = PBXResourcesBuildPhase;
			buildActionMask = 2147483647;
			files = (
			);
			runOnlyForDeploymentPostprocessing = 0;
		};
		4BF98B6D24B6AA3E00433757 /* Resources */ = {
			isa = PBXResourcesBuildPhase;
			buildActionMask = 2147483647;
			files = (
			);
			runOnlyForDeploymentPostprocessing = 0;
		};
/* End PBXResourcesBuildPhase section */

/* Begin PBXSourcesBuildPhase section */
		4BF98B4A24B6AA3C00433757 /* Sources */ = {
			isa = PBXSourcesBuildPhase;
			buildActionMask = 2147483647;
			files = (
				4BF98B5624B6AA3C00433757 /* ViewController.swift in Sources */,
				4BF98B5224B6AA3C00433757 /* AppDelegate.swift in Sources */,
				4BF98B5424B6AA3C00433757 /* SceneDelegate.swift in Sources */,
				4B8FB63C24B9486B00A37EEB /* SettingsViewController.swift in Sources */,
			);
			runOnlyForDeploymentPostprocessing = 0;
		};
		4BF98B6024B6AA3E00433757 /* Sources */ = {
			isa = PBXSourcesBuildPhase;
			buildActionMask = 2147483647;
			files = (
				4BF98B6924B6AA3E00433757 /* TipCalculatorTests.swift in Sources */,
			);
			runOnlyForDeploymentPostprocessing = 0;
		};
		4BF98B6B24B6AA3E00433757 /* Sources */ = {
			isa = PBXSourcesBuildPhase;
			buildActionMask = 2147483647;
			files = (
				4BF98B7424B6AA3E00433757 /* TipCalculatorUITests.swift in Sources */,
			);
			runOnlyForDeploymentPostprocessing = 0;
		};
/* End PBXSourcesBuildPhase section */

/* Begin PBXTargetDependency section */
		4BF98B6624B6AA3E00433757 /* PBXTargetDependency */ = {
			isa = PBXTargetDependency;
			target = 4BF98B4D24B6AA3C00433757 /* TipCalculator */;
			targetProxy = 4BF98B6524B6AA3E00433757 /* PBXContainerItemProxy */;
		};
		4BF98B7124B6AA3E00433757 /* PBXTargetDependency */ = {
			isa = PBXTargetDependency;
			target = 4BF98B4D24B6AA3C00433757 /* TipCalculator */;
			targetProxy = 4BF98B7024B6AA3E00433757 /* PBXContainerItemProxy */;
		};
/* End PBXTargetDependency section */

/* Begin PBXVariantGroup section */
		4BF98B5724B6AA3C00433757 /* Main.storyboard */ = {
			isa = PBXVariantGroup;
			children = (
				4BF98B5824B6AA3C00433757 /* Base */,
			);
			name = Main.storyboard;
			sourceTree = "<group>";
		};
		4BF98B5C24B6AA3E00433757 /* LaunchScreen.storyboard */ = {
			isa = PBXVariantGroup;
			children = (
				4BF98B5D24B6AA3E00433757 /* Base */,
			);
			name = LaunchScreen.storyboard;
			sourceTree = "<group>";
		};
/* End PBXVariantGroup section */

/* Begin XCBuildConfiguration section */
		4BF98B7624B6AA3E00433757 /* Debug */ = {
			isa = XCBuildConfiguration;
			buildSettings = {
				ALWAYS_SEARCH_USER_PATHS = NO;
				CLANG_ANALYZER_NONNULL = YES;
				CLANG_ANALYZER_NUMBER_OBJECT_CONVERSION = YES_AGGRESSIVE;
				CLANG_CXX_LANGUAGE_STANDARD = "gnu++14";
				CLANG_CXX_LIBRARY = "libc++";
				CLANG_ENABLE_MODULES = YES;
				CLANG_ENABLE_OBJC_ARC = YES;
				CLANG_ENABLE_OBJC_WEAK = YES;
				CLANG_WARN_BLOCK_CAPTURE_AUTORELEASING = YES;
				CLANG_WARN_BOOL_CONVERSION = YES;
				CLANG_WARN_COMMA = YES;
				CLANG_WARN_CONSTANT_CONVERSION = YES;
				CLANG_WARN_DEPRECATED_OBJC_IMPLEMENTATIONS = YES;
				CLANG_WARN_DIRECT_OBJC_ISA_USAGE = YES_ERROR;
				CLANG_WARN_DOCUMENTATION_COMMENTS = YES;
				CLANG_WARN_EMPTY_BODY = YES;
				CLANG_WARN_ENUM_CONVERSION = YES;
				CLANG_WARN_INFINITE_RECURSION = YES;
				CLANG_WARN_INT_CONVERSION = YES;
				CLANG_WARN_NON_LITERAL_NULL_CONVERSION = YES;
				CLANG_WARN_OBJC_IMPLICIT_RETAIN_SELF = YES;
				CLANG_WARN_OBJC_LITERAL_CONVERSION = YES;
				CLANG_WARN_OBJC_ROOT_CLASS = YES_ERROR;
				CLANG_WARN_QUOTED_INCLUDE_IN_FRAMEWORK_HEADER = YES;
				CLANG_WARN_RANGE_LOOP_ANALYSIS = YES;
				CLANG_WARN_STRICT_PROTOTYPES = YES;
				CLANG_WARN_SUSPICIOUS_MOVE = YES;
				CLANG_WARN_UNGUARDED_AVAILABILITY = YES_AGGRESSIVE;
				CLANG_WARN_UNREACHABLE_CODE = YES;
				CLANG_WARN__DUPLICATE_METHOD_MATCH = YES;
				COPY_PHASE_STRIP = NO;
				DEBUG_INFORMATION_FORMAT = dwarf;
				ENABLE_STRICT_OBJC_MSGSEND = YES;
				ENABLE_TESTABILITY = YES;
				GCC_C_LANGUAGE_STANDARD = gnu11;
				GCC_DYNAMIC_NO_PIC = NO;
				GCC_NO_COMMON_BLOCKS = YES;
				GCC_OPTIMIZATION_LEVEL = 0;
				GCC_PREPROCESSOR_DEFINITIONS = (
					"DEBUG=1",
					"$(inherited)",
				);
				GCC_WARN_64_TO_32_BIT_CONVERSION = YES;
				GCC_WARN_ABOUT_RETURN_TYPE = YES_ERROR;
				GCC_WARN_UNDECLARED_SELECTOR = YES;
				GCC_WARN_UNINITIALIZED_AUTOS = YES_AGGRESSIVE;
				GCC_WARN_UNUSED_FUNCTION = YES;
				GCC_WARN_UNUSED_VARIABLE = YES;
				IPHONEOS_DEPLOYMENT_TARGET = 13.3;
				MTL_ENABLE_DEBUG_INFO = INCLUDE_SOURCE;
				MTL_FAST_MATH = YES;
				ONLY_ACTIVE_ARCH = YES;
				SDKROOT = iphoneos;
				SWIFT_ACTIVE_COMPILATION_CONDITIONS = DEBUG;
				SWIFT_OPTIMIZATION_LEVEL = "-Onone";
			};
			name = Debug;
		};
		4BF98B7724B6AA3E00433757 /* Release */ = {
			isa = XCBuildConfiguration;
			buildSettings = {
				ALWAYS_SEARCH_USER_PATHS = NO;
				CLANG_ANALYZER_NONNULL = YES;
				CLANG_ANALYZER_NUMBER_OBJECT_CONVERSION = YES_AGGRESSIVE;
				CLANG_CXX_LANGUAGE_STANDARD = "gnu++14";
				CLANG_CXX_LIBRARY = "libc++";
				CLANG_ENABLE_MODULES = YES;
				CLANG_ENABLE_OBJC_ARC = YES;
				CLANG_ENABLE_OBJC_WEAK = YES;
				CLANG_WARN_BLOCK_CAPTURE_AUTORELEASING = YES;
				CLANG_WARN_BOOL_CONVERSION = YES;
				CLANG_WARN_COMMA = YES;
				CLANG_WARN_CONSTANT_CONVERSION = YES;
				CLANG_WARN_DEPRECATED_OBJC_IMPLEMENTATIONS = YES;
				CLANG_WARN_DIRECT_OBJC_ISA_USAGE = YES_ERROR;
				CLANG_WARN_DOCUMENTATION_COMMENTS = YES;
				CLANG_WARN_EMPTY_BODY = YES;
				CLANG_WARN_ENUM_CONVERSION = YES;
				CLANG_WARN_INFINITE_RECURSION = YES;
				CLANG_WARN_INT_CONVERSION = YES;
				CLANG_WARN_NON_LITERAL_NULL_CONVERSION = YES;
				CLANG_WARN_OBJC_IMPLICIT_RETAIN_SELF = YES;
				CLANG_WARN_OBJC_LITERAL_CONVERSION = YES;
				CLANG_WARN_OBJC_ROOT_CLASS = YES_ERROR;
				CLANG_WARN_QUOTED_INCLUDE_IN_FRAMEWORK_HEADER = YES;
				CLANG_WARN_RANGE_LOOP_ANALYSIS = YES;
				CLANG_WARN_STRICT_PROTOTYPES = YES;
				CLANG_WARN_SUSPICIOUS_MOVE = YES;
				CLANG_WARN_UNGUARDED_AVAILABILITY = YES_AGGRESSIVE;
				CLANG_WARN_UNREACHABLE_CODE = YES;
				CLANG_WARN__DUPLICATE_METHOD_MATCH = YES;
				COPY_PHASE_STRIP = NO;
				DEBUG_INFORMATION_FORMAT = "dwarf-with-dsym";
				ENABLE_NS_ASSERTIONS = NO;
				ENABLE_STRICT_OBJC_MSGSEND = YES;
				GCC_C_LANGUAGE_STANDARD = gnu11;
				GCC_NO_COMMON_BLOCKS = YES;
				GCC_WARN_64_TO_32_BIT_CONVERSION = YES;
				GCC_WARN_ABOUT_RETURN_TYPE = YES_ERROR;
				GCC_WARN_UNDECLARED_SELECTOR = YES;
				GCC_WARN_UNINITIALIZED_AUTOS = YES_AGGRESSIVE;
				GCC_WARN_UNUSED_FUNCTION = YES;
				GCC_WARN_UNUSED_VARIABLE = YES;
				IPHONEOS_DEPLOYMENT_TARGET = 13.3;
				MTL_ENABLE_DEBUG_INFO = NO;
				MTL_FAST_MATH = YES;
				SDKROOT = iphoneos;
				SWIFT_COMPILATION_MODE = wholemodule;
				SWIFT_OPTIMIZATION_LEVEL = "-O";
				VALIDATE_PRODUCT = YES;
			};
			name = Release;
		};
		4BF98B7924B6AA3E00433757 /* Debug */ = {
			isa = XCBuildConfiguration;
			buildSettings = {
				ASSETCATALOG_COMPILER_APPICON_NAME = AppIcon;
				ASSETCATALOG_COMPILER_GLOBAL_ACCENT_COLOR_NAME = AccentColor;
				CODE_SIGN_STYLE = Automatic;
				DEVELOPMENT_TEAM = 3P6J378LK2;
				INFOPLIST_FILE = TipCalculator/Info.plist;
				LD_RUNPATH_SEARCH_PATHS = (
					"$(inherited)",
					"@executable_path/Frameworks",
				);
				PRODUCT_BUNDLE_IDENTIFIER = com.myraorigami.TipCalculator;
				PRODUCT_NAME = "$(TARGET_NAME)";
				SWIFT_VERSION = 5.0;
				TARGETED_DEVICE_FAMILY = "1,2";
			};
			name = Debug;
		};
		4BF98B7A24B6AA3E00433757 /* Release */ = {
			isa = XCBuildConfiguration;
			buildSettings = {
				ASSETCATALOG_COMPILER_APPICON_NAME = AppIcon;
				ASSETCATALOG_COMPILER_GLOBAL_ACCENT_COLOR_NAME = AccentColor;
				CODE_SIGN_STYLE = Automatic;
				DEVELOPMENT_TEAM = 3P6J378LK2;
				INFOPLIST_FILE = TipCalculator/Info.plist;
				LD_RUNPATH_SEARCH_PATHS = (
					"$(inherited)",
					"@executable_path/Frameworks",
				);
				PRODUCT_BUNDLE_IDENTIFIER = com.myraorigami.TipCalculator;
				PRODUCT_NAME = "$(TARGET_NAME)";
				SWIFT_VERSION = 5.0;
				TARGETED_DEVICE_FAMILY = "1,2";
			};
			name = Release;
		};
		4BF98B7C24B6AA3E00433757 /* Debug */ = {
			isa = XCBuildConfiguration;
			buildSettings = {
				ALWAYS_EMBED_SWIFT_STANDARD_LIBRARIES = YES;
				BUNDLE_LOADER = "$(TEST_HOST)";
				CODE_SIGN_STYLE = Automatic;
				DEVELOPMENT_TEAM = 3P6J378LK2;
				INFOPLIST_FILE = TipCalculatorTests/Info.plist;
				IPHONEOS_DEPLOYMENT_TARGET = 14.0;
				LD_RUNPATH_SEARCH_PATHS = (
					"$(inherited)",
					"@executable_path/Frameworks",
					"@loader_path/Frameworks",
				);
				PRODUCT_BUNDLE_IDENTIFIER = com.myraorigami.TipCalculatorTests;
				PRODUCT_NAME = "$(TARGET_NAME)";
				SWIFT_VERSION = 5.0;
				TARGETED_DEVICE_FAMILY = "1,2";
				TEST_HOST = "$(BUILT_PRODUCTS_DIR)/TipCalculator.app/TipCalculator";
			};
			name = Debug;
		};
		4BF98B7D24B6AA3E00433757 /* Release */ = {
			isa = XCBuildConfiguration;
			buildSettings = {
				ALWAYS_EMBED_SWIFT_STANDARD_LIBRARIES = YES;
				BUNDLE_LOADER = "$(TEST_HOST)";
				CODE_SIGN_STYLE = Automatic;
				DEVELOPMENT_TEAM = 3P6J378LK2;
				INFOPLIST_FILE = TipCalculatorTests/Info.plist;
				IPHONEOS_DEPLOYMENT_TARGET = 14.0;
				LD_RUNPATH_SEARCH_PATHS = (
					"$(inherited)",
					"@executable_path/Frameworks",
					"@loader_path/Frameworks",
				);
				PRODUCT_BUNDLE_IDENTIFIER = com.myraorigami.TipCalculatorTests;
				PRODUCT_NAME = "$(TARGET_NAME)";
				SWIFT_VERSION = 5.0;
				TARGETED_DEVICE_FAMILY = "1,2";
				TEST_HOST = "$(BUILT_PRODUCTS_DIR)/TipCalculator.app/TipCalculator";
			};
			name = Release;
		};
		4BF98B7F24B6AA3E00433757 /* Debug */ = {
			isa = XCBuildConfiguration;
			buildSettings = {
				ALWAYS_EMBED_SWIFT_STANDARD_LIBRARIES = YES;
				CODE_SIGN_STYLE = Automatic;
				DEVELOPMENT_TEAM = 3P6J378LK2;
				INFOPLIST_FILE = TipCalculatorUITests/Info.plist;
				LD_RUNPATH_SEARCH_PATHS = (
					"$(inherited)",
					"@executable_path/Frameworks",
					"@loader_path/Frameworks",
				);
				PRODUCT_BUNDLE_IDENTIFIER = com.myraorigami.TipCalculatorUITests;
				PRODUCT_NAME = "$(TARGET_NAME)";
				SWIFT_VERSION = 5.0;
				TARGETED_DEVICE_FAMILY = "1,2";
				TEST_TARGET_NAME = TipCalculator;
			};
			name = Debug;
		};
		4BF98B8024B6AA3E00433757 /* Release */ = {
			isa = XCBuildConfiguration;
			buildSettings = {
				ALWAYS_EMBED_SWIFT_STANDARD_LIBRARIES = YES;
				CODE_SIGN_STYLE = Automatic;
				DEVELOPMENT_TEAM = 3P6J378LK2;
				INFOPLIST_FILE = TipCalculatorUITests/Info.plist;
				LD_RUNPATH_SEARCH_PATHS = (
					"$(inherited)",
					"@executable_path/Frameworks",
					"@loader_path/Frameworks",
				);
				PRODUCT_BUNDLE_IDENTIFIER = com.myraorigami.TipCalculatorUITests;
				PRODUCT_NAME = "$(TARGET_NAME)";
				SWIFT_VERSION = 5.0;
				TARGETED_DEVICE_FAMILY = "1,2";
				TEST_TARGET_NAME = TipCalculator;
			};
			name = Release;
		};
/* End XCBuildConfiguration section */

/* Begin XCConfigurationList section */
		4BF98B4924B6AA3C00433757 /* Build configuration list for PBXProject "TipCalculator" */ = {
			isa = XCConfigurationList;
			buildConfigurations = (
				4BF98B7624B6AA3E00433757 /* Debug */,
				4BF98B7724B6AA3E00433757 /* Release */,
			);
			defaultConfigurationIsVisible = 0;
			defaultConfigurationName = Release;
		};
		4BF98B7824B6AA3E00433757 /* Build configuration list for PBXNativeTarget "TipCalculator" */ = {
			isa = XCConfigurationList;
			buildConfigurations = (
				4BF98B7924B6AA3E00433757 /* Debug */,
				4BF98B7A24B6AA3E00433757 /* Release */,
			);
			defaultConfigurationIsVisible = 0;
			defaultConfigurationName = Release;
		};
		4BF98B7B24B6AA3E00433757 /* Build configuration list for PBXNativeTarget "TipCalculatorTests" */ = {
			isa = XCConfigurationList;
			buildConfigurations = (
				4BF98B7C24B6AA3E00433757 /* Debug */,
				4BF98B7D24B6AA3E00433757 /* Release */,
			);
			defaultConfigurationIsVisible = 0;
			defaultConfigurationName = Release;
		};
		4BF98B7E24B6AA3E00433757 /* Build configuration list for PBXNativeTarget "TipCalculatorUITests" */ = {
			isa = XCConfigurationList;
			buildConfigurations = (
				4BF98B7F24B6AA3E00433757 /* Debug */,
				4BF98B8024B6AA3E00433757 /* Release */,
			);
			defaultConfigurationIsVisible = 0;
			defaultConfigurationName = Release;
		};
/* End XCConfigurationList section */
	};
	rootObject = 4BF98B4624B6AA3C00433757 /* Project object */;
}
